
Microsoft Visual Studio Solution File, Format Version 12.00
# Visual Studio Version 17
VisualStudioVersion = 17.13.35806.99
MinimumVisualStudioVersion = 10.0.40219.1
Project("{FAE04EC0-301F-11D3-BF4B-00C04F79EFBC}") = "ODataSamples", "ODataSamples.csproj", "{47C6C46F-8813-4786-8253-29241C730508}"
EndProject
Global
	GlobalSection(SolutionConfigurationPlatforms) = preSolution
		Debug|Any CPU = Debug|Any CPU
		Release|Any CPU = Release|Any CPU
	EndGlobalSection
	GlobalSection(ProjectConfigurationPlatforms) = postSolution
		{47C6C46F-8813-4786-8253-29241C730508}.Debug|Any CPU.ActiveCfg = Debug|Any CPU
		{47C6C46F-8813-4786-8253-29241C730508}.Debug|Any CPU.Build.0 = Debug|Any CPU
		{47C6C46F-8813-4786-8253-29241C730508}.Release|Any CPU.ActiveCfg = Release|Any CPU
		{47C6C46F-8813-4786-8253-29241C730508}.Release|Any CPU.Build.0 = Release|Any CPU
	EndGlobalSection
	GlobalSection(SolutionProperties) = preSolution
		HideSolutionNode = FALSE
	EndGlobalSection
	GlobalSection(ExtensibilityGlobals) = postSolution
		SolutionGuid = {B7C9FFC6-A94C-40FC-ADF2-5C6FC539A95C}
	EndGlobalSection
EndGlobal
